// !$*UTF8*$!
{
	archiveVersion = 1;
	classes = {
	};
	objectVersion = 50;
	objects = {

/* Begin PBXBuildFile section */
		C01C777E25BF4E8200C38233 /* AppDelegate.swift in Sources */ = {isa = PBXBuildFile; fileRef = C01C777D25BF4E8200C38233 /* AppDelegate.swift */; };
		C01C778025BF4E8200C38233 /* SceneDelegate.swift in Sources */ = {isa = PBXBuildFile; fileRef = C01C777F25BF4E8200C38233 /* SceneDelegate.swift */; };
		C01C778225BF4E8200C38233 /* ContentView.swift in Sources */ = {isa = PBXBuildFile; fileRef = C01C778125BF4E8200C38233 /* ContentView.swift */; };
		C01C778425BF4E8300C38233 /* Assets.xcassets in Resources */ = {isa = PBXBuildFile; fileRef = C01C778325BF4E8300C38233 /* Assets.xcassets */; };
		C01C778725BF4E8300C38233 /* Preview Assets.xcassets in Resources */ = {isa = PBXBuildFile; fileRef = C01C778625BF4E8300C38233 /* Preview Assets.xcassets */; };
		C01C778A25BF4E8300C38233 /* LaunchScreen.storyboard in Resources */ = {isa = PBXBuildFile; fileRef = C01C778825BF4E8300C38233 /* LaunchScreen.storyboard */; };
		C01C779525BF543F00C38233 /* ImageDetectionViewModel.swift in Sources */ = {isa = PBXBuildFile; fileRef = C01C779425BF543F00C38233 /* ImageDetectionViewModel.swift */; };
		C01C779825BF559B00C38233 /* ImageDetectionManager.swift in Sources */ = {isa = PBXBuildFile; fileRef = C01C779725BF559B00C38233 /* ImageDetectionManager.swift */; };
		C01C779B25BF594500C38233 /* Resnet50.mlmodel in Sources */ = {isa = PBXBuildFile; fileRef = C01C779A25BF594500C38233 /* Resnet50.mlmodel */; };
		C01C779E25BF59BA00C38233 /* UIImage+Extensions.swift in Sources */ = {isa = PBXBuildFile; fileRef = C01C779D25BF59BA00C38233 /* UIImage+Extensions.swift */; };
		C0B04E9C25C079EF0024DA6A /* CameraView.swift in Sources */ = {isa = PBXBuildFile; fileRef = C0B04E9B25C079EF0024DA6A /* CameraView.swift */; };
		C0B04E9F25C07B0C0024DA6A /* ImagePicker.swift in Sources */ = {isa = PBXBuildFile; fileRef = C0B04E9E25C07B0C0024DA6A /* ImagePicker.swift */; };
		C0B04EA225C0872C0024DA6A /* PhotoCaptureView.swift in Sources */ = {isa = PBXBuildFile; fileRef = C0B04EA125C0872C0024DA6A /* PhotoCaptureView.swift */; };
/* End PBXBuildFile section */

/* Begin PBXFileReference section */
		C01C777A25BF4E8200C38233 /* CoreMLProjectSwiftUI.app */ = {isa = PBXFileReference; explicitFileType = wrapper.application; includeInIndex = 0; path = CoreMLProjectSwiftUI.app; sourceTree = BUILT_PRODUCTS_DIR; };
		C01C777D25BF4E8200C38233 /* AppDelegate.swift */ = {isa = PBXFileReference; lastKnownFileType = sourcecode.swift; path = AppDelegate.swift; sourceTree = "<group>"; };
		C01C777F25BF4E8200C38233 /* SceneDelegate.swift */ = {isa = PBXFileReference; lastKnownFileType = sourcecode.swift; path = SceneDelegate.swift; sourceTree = "<group>"; };
		C01C778125BF4E8200C38233 /* ContentView.swift */ = {isa = PBXFileReference; lastKnownFileType = sourcecode.swift; path = ContentView.swift; sourceTree = "<group>"; };
		C01C778325BF4E8300C38233 /* Assets.xcassets */ = {isa = PBXFileReference; lastKnownFileType = folder.assetcatalog; path = Assets.xcassets; sourceTree = "<group>"; };
		C01C778625BF4E8300C38233 /* Preview Assets.xcassets */ = {isa = PBXFileReference; lastKnownFileType = folder.assetcatalog; path = "Preview Assets.xcassets"; sourceTree = "<group>"; };
		C01C778925BF4E8300C38233 /* Base */ = {isa = PBXFileReference; lastKnownFileType = file.storyboard; name = Base; path = Base.lproj/LaunchScreen.storyboard; sourceTree = "<group>"; };
		C01C778B25BF4E8300C38233 /* Info.plist */ = {isa = PBXFileReference; lastKnownFileType = text.plist.xml; path = Info.plist; sourceTree = "<group>"; };
		C01C779425BF543F00C38233 /* ImageDetectionViewModel.swift */ = {isa = PBXFileReference; lastKnownFileType = sourcecode.swift; path = ImageDetectionViewModel.swift; sourceTree = "<group>"; };
		C01C779725BF559B00C38233 /* ImageDetectionManager.swift */ = {isa = PBXFileReference; lastKnownFileType = sourcecode.swift; path = ImageDetectionManager.swift; sourceTree = "<group>"; };
		C01C779A25BF594500C38233 /* Resnet50.mlmodel */ = {isa = PBXFileReference; lastKnownFileType = file.mlmodel; path = Resnet50.mlmodel; sourceTree = "<group>"; };
		C01C779D25BF59BA00C38233 /* UIImage+Extensions.swift */ = {isa = PBXFileReference; lastKnownFileType = sourcecode.swift; path = "UIImage+Extensions.swift"; sourceTree = "<group>"; };
		C0B04E9B25C079EF0024DA6A /* CameraView.swift */ = {isa = PBXFileReference; lastKnownFileType = sourcecode.swift; path = CameraView.swift; sourceTree = "<group>"; };
		C0B04E9E25C07B0C0024DA6A /* ImagePicker.swift */ = {isa = PBXFileReference; lastKnownFileType = sourcecode.swift; path = ImagePicker.swift; sourceTree = "<group>"; };
		C0B04EA125C0872C0024DA6A /* PhotoCaptureView.swift */ = {isa = PBXFileReference; lastKnownFileType = sourcecode.swift; path = PhotoCaptureView.swift; sourceTree = "<group>"; };
/* End PBXFileReference section */

/* Begin PBXFrameworksBuildPhase section */
		C01C777725BF4E8200C38233 /* Frameworks */ = {
			isa = PBXFrameworksBuildPhase;
			buildActionMask = 2147483647;
			files = (
			);
			runOnlyForDeploymentPostprocessing = 0;
		};
/* End PBXFrameworksBuildPhase section */

/* Begin PBXGroup section */
		C01C777125BF4E8200C38233 = {
			isa = PBXGroup;
			children = (
				C01C777C25BF4E8200C38233 /* CoreMLProjectSwiftUI */,
				C01C777B25BF4E8200C38233 /* Products */,
			);
			sourceTree = "<group>";
		};
		C01C777B25BF4E8200C38233 /* Products */ = {
			isa = PBXGroup;
			children = (
				C01C777A25BF4E8200C38233 /* CoreMLProjectSwiftUI.app */,
			);
			name = Products;
			sourceTree = "<group>";
		};
		C01C777C25BF4E8200C38233 /* CoreMLProjectSwiftUI */ = {
			isa = PBXGroup;
			children = (
				C01C777D25BF4E8200C38233 /* AppDelegate.swift */,
				C01C779D25BF59BA00C38233 /* UIImage+Extensions.swift */,
				C01C779425BF543F00C38233 /* ImageDetectionViewModel.swift */,
				C0B04E9E25C07B0C0024DA6A /* ImagePicker.swift */,
				C0B04EA125C0872C0024DA6A /* PhotoCaptureView.swift */,
				C0B04E9B25C079EF0024DA6A /* CameraView.swift */,
				C01C779725BF559B00C38233 /* ImageDetectionManager.swift */,
				C01C777F25BF4E8200C38233 /* SceneDelegate.swift */,
				C01C779225BF4F6500C38233 /* View */,
				C01C778325BF4E8300C38233 /* Assets.xcassets */,
				C01C778825BF4E8300C38233 /* LaunchScreen.storyboard */,
				C01C779A25BF594500C38233 /* Resnet50.mlmodel */,
				C01C778B25BF4E8300C38233 /* Info.plist */,
				C01C778525BF4E8300C38233 /* Preview Content */,
			);
			path = CoreMLProjectSwiftUI;
			sourceTree = "<group>";
		};
		C01C778525BF4E8300C38233 /* Preview Content */ = {
			isa = PBXGroup;
			children = (
				C01C778625BF4E8300C38233 /* Preview Assets.xcassets */,
			);
			path = "Preview Content";
			sourceTree = "<group>";
		};
		C01C779225BF4F6500C38233 /* View */ = {
			isa = PBXGroup;
			children = (
				C01C778125BF4E8200C38233 /* ContentView.swift */,
			);
			path = View;
			sourceTree = "<group>";
		};
/* End PBXGroup section */

/* Begin PBXNativeTarget section */
		C01C777925BF4E8200C38233 /* CoreMLProjectSwiftUI */ = {
			isa = PBXNativeTarget;
			buildConfigurationList = C01C778E25BF4E8300C38233 /* Build configuration list for PBXNativeTarget "CoreMLProjectSwiftUI" */;
			buildPhases = (
				C01C777625BF4E8200C38233 /* Sources */,
				C01C777725BF4E8200C38233 /* Frameworks */,
				C01C777825BF4E8200C38233 /* Resources */,
			);
			buildRules = (
			);
			dependencies = (
			);
			name = CoreMLProjectSwiftUI;
			productName = CoreMLProjectSwiftUI;
			productReference = C01C777A25BF4E8200C38233 /* CoreMLProjectSwiftUI.app */;
			productType = "com.apple.product-type.application";
		};
/* End PBXNativeTarget section */

/* Begin PBXProject section */
		C01C777225BF4E8200C38233 /* Project object */ = {
			isa = PBXProject;
			attributes = {
				LastSwiftUpdateCheck = 1230;
				LastUpgradeCheck = 1230;
				TargetAttributes = {
					C01C777925BF4E8200C38233 = {
						CreatedOnToolsVersion = 12.3;
					};
				};
			};
			buildConfigurationList = C01C777525BF4E8200C38233 /* Build configuration list for PBXProject "CoreMLProjectSwiftUI" */;
			compatibilityVersion = "Xcode 9.3";
			developmentRegion = en;
			hasScannedForEncodings = 0;
			knownRegions = (
				en,
				Base,
			);
			mainGroup = C01C777125BF4E8200C38233;
			productRefGroup = C01C777B25BF4E8200C38233 /* Products */;
			projectDirPath = "";
			projectRoot = "";
			targets = (
				C01C777925BF4E8200C38233 /* CoreMLProjectSwiftUI */,
			);
		};
/* End PBXProject section */

/* Begin PBXResourcesBuildPhase section */
		C01C777825BF4E8200C38233 /* Resources */ = {
			isa = PBXResourcesBuildPhase;
			buildActionMask = 2147483647;
			files = (
				C01C778A25BF4E8300C38233 /* LaunchScreen.storyboard in Resources */,
				C01C778725BF4E8300C38233 /* Preview Assets.xcassets in Resources */,
				C01C778425BF4E8300C38233 /* Assets.xcassets in Resources */,
			);
			runOnlyForDeploymentPostprocessing = 0;
		};
/* End PBXResourcesBuildPhase section */

/* Begin PBXSourcesBuildPhase section */
		C01C777625BF4E8200C38233 /* Sources */ = {
			isa = PBXSourcesBuildPhase;
			buildActionMask = 2147483647;
			files = (
				C01C777E25BF4E8200C38233 /* AppDelegate.swift in Sources */,
				C01C778025BF4E8200C38233 /* SceneDelegate.swift in Sources */,
				C01C779825BF559B00C38233 /* ImageDetectionManager.swift in Sources */,
				C0B04E9F25C07B0C0024DA6A /* ImagePicker.swift in Sources */,
				C0B04EA225C0872C0024DA6A /* PhotoCaptureView.swift in Sources */,
				C01C779E25BF59BA00C38233 /* UIImage+Extensions.swift in Sources */,
				C01C779525BF543F00C38233 /* ImageDetectionViewModel.swift in Sources */,
				C01C779B25BF594500C38233 /* Resnet50.mlmodel in Sources */,
				C01C778225BF4E8200C38233 /* ContentView.swift in Sources */,
				C0B04E9C25C079EF0024DA6A /* CameraView.swift in Sources */,
			);
			runOnlyForDeploymentPostprocessing = 0;
		};
/* End PBXSourcesBuildPhase section */

/* Begin PBXVariantGroup section */
		C01C778825BF4E8300C38233 /* LaunchScreen.storyboard */ = {
			isa = PBXVariantGroup;
			children = (
				C01C778925BF4E8300C38233 /* Base */,
			);
			name = LaunchScreen.storyboard;
			sourceTree = "<group>";
		};
/* End PBXVariantGroup section */

/* Begin XCBuildConfiguration section */
		C01C778C25BF4E8300C38233 /* Debug */ = {
			isa = XCBuildConfiguration;
			buildSettings = {
				ALWAYS_SEARCH_USER_PATHS = NO;
				CLANG_ANALYZER_NONNULL = YES;
				CLANG_ANALYZER_NUMBER_OBJECT_CONVERSION = YES_AGGRESSIVE;
				CLANG_CXX_LANGUAGE_STANDARD = "gnu++14";
				CLANG_CXX_LIBRARY = "libc++";
				CLANG_ENABLE_MODULES = YES;
				CLANG_ENABLE_OBJC_ARC = YES;
				CLANG_ENABLE_OBJC_WEAK = YES;
				CLANG_WARN_BLOCK_CAPTURE_AUTORELEASING = YES;
				CLANG_WARN_BOOL_CONVERSION = YES;
				CLANG_WARN_COMMA = YES;
				CLANG_WARN_CONSTANT_CONVERSION = YES;
				CLANG_WARN_DEPRECATED_OBJC_IMPLEMENTATIONS = YES;
				CLANG_WARN_DIRECT_OBJC_ISA_USAGE = YES_ERROR;
				CLANG_WARN_DOCUMENTATION_COMMENTS = YES;
				CLANG_WARN_EMPTY_BODY = YES;
				CLANG_WARN_ENUM_CONVERSION = YES;
				CLANG_WARN_INFINITE_RECURSION = YES;
				CLANG_WARN_INT_CONVERSION = YES;
				CLANG_WARN_NON_LITERAL_NULL_CONVERSION = YES;
				CLANG_WARN_OBJC_IMPLICIT_RETAIN_SELF = YES;
				CLANG_WARN_OBJC_LITERAL_CONVERSION = YES;
				CLANG_WARN_OBJC_ROOT_CLASS = YES_ERROR;
				CLANG_WARN_QUOTED_INCLUDE_IN_FRAMEWORK_HEADER = YES;
				CLANG_WARN_RANGE_LOOP_ANALYSIS = YES;
				CLANG_WARN_STRICT_PROTOTYPES = YES;
				CLANG_WARN_SUSPICIOUS_MOVE = YES;
				CLANG_WARN_UNGUARDED_AVAILABILITY = YES_AGGRESSIVE;
				CLANG_WARN_UNREACHABLE_CODE = YES;
				CLANG_WARN__DUPLICATE_METHOD_MATCH = YES;
				COPY_PHASE_STRIP = NO;
				DEBUG_INFORMATION_FORMAT = dwarf;
				ENABLE_STRICT_OBJC_MSGSEND = YES;
				ENABLE_TESTABILITY = YES;
				GCC_C_LANGUAGE_STANDARD = gnu11;
				GCC_DYNAMIC_NO_PIC = NO;
				GCC_NO_COMMON_BLOCKS = YES;
				GCC_OPTIMIZATION_LEVEL = 0;
				GCC_PREPROCESSOR_DEFINITIONS = (
					"DEBUG=1",
					"$(inherited)",
				);
				GCC_WARN_64_TO_32_BIT_CONVERSION = YES;
				GCC_WARN_ABOUT_RETURN_TYPE = YES_ERROR;
				GCC_WARN_UNDECLARED_SELECTOR = YES;
				GCC_WARN_UNINITIALIZED_AUTOS = YES_AGGRESSIVE;
				GCC_WARN_UNUSED_FUNCTION = YES;
				GCC_WARN_UNUSED_VARIABLE = YES;
				IPHONEOS_DEPLOYMENT_TARGET = 14.3;
				MTL_ENABLE_DEBUG_INFO = INCLUDE_SOURCE;
				MTL_FAST_MATH = YES;
				ONLY_ACTIVE_ARCH = YES;
				SDKROOT = iphoneos;
				SWIFT_ACTIVE_COMPILATION_CONDITIONS = DEBUG;
				SWIFT_OPTIMIZATION_LEVEL = "-Onone";
			};
			name = Debug;
		};
		C01C778D25BF4E8300C38233 /* Release */ = {
			isa = XCBuildConfiguration;
			buildSettings = {
				ALWAYS_SEARCH_USER_PATHS = NO;
				CLANG_ANALYZER_NONNULL = YES;
				CLANG_ANALYZER_NUMBER_OBJECT_CONVERSION = YES_AGGRESSIVE;
				CLANG_CXX_LANGUAGE_STANDARD = "gnu++14";
				CLANG_CXX_LIBRARY = "libc++";
				CLANG_ENABLE_MODULES = YES;
				CLANG_ENABLE_OBJC_ARC = YES;
				CLANG_ENABLE_OBJC_WEAK = YES;
				CLANG_WARN_BLOCK_CAPTURE_AUTORELEASING = YES;
				CLANG_WARN_BOOL_CONVERSION = YES;
				CLANG_WARN_COMMA = YES;
				CLANG_WARN_CONSTANT_CONVERSION = YES;
				CLANG_WARN_DEPRECATED_OBJC_IMPLEMENTATIONS = YES;
				CLANG_WARN_DIRECT_OBJC_ISA_USAGE = YES_ERROR;
				CLANG_WARN_DOCUMENTATION_COMMENTS = YES;
				CLANG_WARN_EMPTY_BODY = YES;
				CLANG_WARN_ENUM_CONVERSION = YES;
				CLANG_WARN_INFINITE_RECURSION = YES;
				CLANG_WARN_INT_CONVERSION = YES;
				CLANG_WARN_NON_LITERAL_NULL_CONVERSION = YES;
				CLANG_WARN_OBJC_IMPLICIT_RETAIN_SELF = YES;
				CLANG_WARN_OBJC_LITERAL_CONVERSION = YES;
				CLANG_WARN_OBJC_ROOT_CLASS = YES_ERROR;
				CLANG_WARN_QUOTED_INCLUDE_IN_FRAMEWORK_HEADER = YES;
				CLANG_WARN_RANGE_LOOP_ANALYSIS = YES;
				CLANG_WARN_STRICT_PROTOTYPES = YES;
				CLANG_WARN_SUSPICIOUS_MOVE = YES;
				CLANG_WARN_UNGUARDED_AVAILABILITY = YES_AGGRESSIVE;
				CLANG_WARN_UNREACHABLE_CODE = YES;
				CLANG_WARN__DUPLICATE_METHOD_MATCH = YES;
				COPY_PHASE_STRIP = NO;
				DEBUG_INFORMATION_FORMAT = "dwarf-with-dsym";
				ENABLE_NS_ASSERTIONS = NO;
				ENABLE_STRICT_OBJC_MSGSEND = YES;
				GCC_C_LANGUAGE_STANDARD = gnu11;
				GCC_NO_COMMON_BLOCKS = YES;
				GCC_WARN_64_TO_32_BIT_CONVERSION = YES;
				GCC_WARN_ABOUT_RETURN_TYPE = YES_ERROR;
				GCC_WARN_UNDECLARED_SELECTOR = YES;
				GCC_WARN_UNINITIALIZED_AUTOS = YES_AGGRESSIVE;
				GCC_WARN_UNUSED_FUNCTION = YES;
				GCC_WARN_UNUSED_VARIABLE = YES;
				IPHONEOS_DEPLOYMENT_TARGET = 14.3;
				MTL_ENABLE_DEBUG_INFO = NO;
				MTL_FAST_MATH = YES;
				SDKROOT = iphoneos;
				SWIFT_COMPILATION_MODE = wholemodule;
				SWIFT_OPTIMIZATION_LEVEL = "-O";
				VALIDATE_PRODUCT = YES;
			};
			name = Release;
		};
		C01C778F25BF4E8300C38233 /* Debug */ = {
			isa = XCBuildConfiguration;
			buildSettings = {
				ASSETCATALOG_COMPILER_APPICON_NAME = AppIcon;
				ASSETCATALOG_COMPILER_GLOBAL_ACCENT_COLOR_NAME = AccentColor;
				CODE_SIGN_STYLE = Automatic;
				DEVELOPMENT_ASSET_PATHS = "\"CoreMLProjectSwiftUI/Preview Content\"";
				DEVELOPMENT_TEAM = WRC4QXXN5V;
				ENABLE_PREVIEWS = YES;
				INFOPLIST_FILE = CoreMLProjectSwiftUI/Info.plist;
				LD_RUNPATH_SEARCH_PATHS = (
					"$(inherited)",
					"@executable_path/Frameworks",
				);
				PRODUCT_BUNDLE_IDENTIFIER = Marie.Kallop.CoreMLProjectSwiftUI;
				PRODUCT_NAME = "$(TARGET_NAME)";
				SWIFT_VERSION = 5.0;
				TARGETED_DEVICE_FAMILY = "1,2";
			};
			name = Debug;
		};
		C01C779025BF4E8300C38233 /* Release */ = {
			isa = XCBuildConfiguration;
			buildSettings = {
				ASSETCATALOG_COMPILER_APPICON_NAME = AppIcon;
				ASSETCATALOG_COMPILER_GLOBAL_ACCENT_COLOR_NAME = AccentColor;
				CODE_SIGN_STYLE = Automatic;
				DEVELOPMENT_ASSET_PATHS = "\"CoreMLProjectSwiftUI/Preview Content\"";
				DEVELOPMENT_TEAM = WRC4QXXN5V;
				ENABLE_PREVIEWS = YES;
				INFOPLIST_FILE = CoreMLProjectSwiftUI/Info.plist;
				LD_RUNPATH_SEARCH_PATHS = (
					"$(inherited)",
					"@executable_path/Frameworks",
				);
				PRODUCT_BUNDLE_IDENTIFIER = Marie.Kallop.CoreMLProjectSwiftUI;
				PRODUCT_NAME = "$(TARGET_NAME)";
				SWIFT_VERSION = 5.0;
				TARGETED_DEVICE_FAMILY = "1,2";
			};
			name = Release;
		};
/* End XCBuildConfiguration section */

/* Begin XCConfigurationList section */
		C01C777525BF4E8200C38233 /* Build configuration list for PBXProject "CoreMLProjectSwiftUI" */ = {
			isa = XCConfigurationList;
			buildConfigurations = (
				C01C778C25BF4E8300C38233 /* Debug */,
				C01C778D25BF4E8300C38233 /* Release */,
			);
			defaultConfigurationIsVisible = 0;
			defaultConfigurationName = Release;
		};
		C01C778E25BF4E8300C38233 /* Build configuration list for PBXNativeTarget "CoreMLProjectSwiftUI" */ = {
			isa = XCConfigurationList;
			buildConfigurations = (
				C01C778F25BF4E8300C38233 /* Debug */,
				C01C779025BF4E8300C38233 /* Release */,
			);
			defaultConfigurationIsVisible = 0;
			defaultConfigurationName = Release;
		};
/* End XCConfigurationList section */
	};
	rootObject = C01C777225BF4E8200C38233 /* Project object */;
}
